
Microsoft Visual Studio Solution File, Format Version 12.00
# Visual Studio Version 16
VisualStudioVersion = 16.0.31624.102
MinimumVisualStudioVersion = 10.0.40219.1
Project("{FAE04EC0-301F-11D3-BF4B-00C04F79EFBC}") = "Amazon-Robot Bounded In Circle", "Amazon-Robot Bounded In Circle\Amazon-Robot Bounded In Circle.csproj", "{3C2D8DEA-23CB-4D7A-8FFE-E0E79E4C4646}"
EndProject
Global
	GlobalSection(SolutionConfigurationPlatforms) = preSolution
		Debug|Any CPU = Debug|Any CPU
		Release|Any CPU = Release|Any CPU
	EndGlobalSection
	GlobalSection(ProjectConfigurationPlatforms) = postSolution
		{3C2D8DEA-23CB-4D7A-8FFE-E0E79E4C4646}.Debug|Any CPU.ActiveCfg = Debug|Any CPU
		{3C2D8DEA-23CB-4D7A-8FFE-E0E79E4C4646}.Debug|Any CPU.Build.0 = Debug|Any CPU
		{3C2D8DEA-23CB-4D7A-8FFE-E0E79E4C4646}.Release|Any CPU.ActiveCfg = Release|Any CPU
		{3C2D8DEA-23CB-4D7A-8FFE-E0E79E4C4646}.Release|Any CPU.Build.0 = Release|Any CPU
	EndGlobalSection
	GlobalSection(SolutionProperties) = preSolution
		HideSolutionNode = FALSE
	EndGlobalSection
	GlobalSection(ExtensibilityGlobals) = postSolution
		SolutionGuid = {43C3A6ED-D075-47C7-8EA6-B5C18B1CD2CA}
	EndGlobalSection
EndGlobal
